Microsoft Visual Studio Solution File, Format Version 12.00
# Visual Studio Version 17
VisualStudioVersion = 17.5.2.0
MinimumVisualStudioVersion = 10.0.40219.1
Project("{FAE04EC0-301F-11D3-BF4B-00C04F79EFBC}") = "KeluargaTani", "KeluargaTani.csproj", "{49CC76B0-9F7D-AB92-FECE-464748B39480}"
EndProject
Global
	GlobalSection(SolutionConfigurationPlatforms) = preSolution
		Debug|Any CPU = Debug|Any CPU
		Release|Any CPU = Release|Any CPU
	EndGlobalSection
	GlobalSection(ProjectConfigurationPlatforms) = postSolution
		{49CC76B0-9F7D-AB92-FECE-464748B39480}.Debug|Any CPU.ActiveCfg = Debug|Any CPU
		{49CC76B0-9F7D-AB92-FECE-464748B39480}.Debug|Any CPU.Build.0 = Debug|Any CPU
		{49CC76B0-9F7D-AB92-FECE-464748B39480}.Release|Any CPU.ActiveCfg = Release|Any CPU
		{49CC76B0-9F7D-AB92-FECE-464748B39480}.Release|Any CPU.Build.0 = Release|Any CPU
	EndGlobalSection
	GlobalSection(SolutionProperties) = preSolution
		HideSolutionNode = FALSE
	EndGlobalSection
	GlobalSection(ExtensibilityGlobals) = postSolution
		SolutionGuid = {28967BC9-BFA7-433D-B9BC-E91D4329A0CA}
	EndGlobalSection
EndGlobal
